# This file is automatically @generated by Cargo.
# It is not intended for manual editing.
version = 4

[[package]]
name = "ferb"
version = "0.1.0"
dependencies = [
 "franca-sys",
]

[[package]]
name = "franca-sys"
version = "0.1.0"

[[package]]
name = "rustc_codegen_ferb"
version = "0.1.0"
dependencies = [
 "ferb",
]
